// !$*UTF8*$!
{
	archiveVersion = 1;
	classes = {
	};
	objectVersion = 50;
	objects = {

/* Begin PBXBuildFile section */
		132782EB24B4BBAD00792028 /* AppDelegate.swift in Sources */ = {isa = PBXBuildFile; fileRef = 132782EA24B4BBAD00792028 /* AppDelegate.swift */; };
		132782ED24B4BBAD00792028 /* SceneDelegate.swift in Sources */ = {isa = PBXBuildFile; fileRef = 132782EC24B4BBAD00792028 /* SceneDelegate.swift */; };
		132782F224B4BBAD00792028 /* Main.storyboard in Resources */ = {isa = PBXBuildFile; fileRef = 132782F024B4BBAD00792028 /* Main.storyboard */; };
		132782F524B4BBAD00792028 /* Smart_Reminder.xcdatamodeld in Sources */ = {isa = PBXBuildFile; fileRef = 132782F324B4BBAD00792028 /* Smart_Reminder.xcdatamodeld */; };
		132782F724B4BBB300792028 /* Assets.xcassets in Resources */ = {isa = PBXBuildFile; fileRef = 132782F624B4BBB300792028 /* Assets.xcassets */; };
		132782FA24B4BBB300792028 /* LaunchScreen.storyboard in Resources */ = {isa = PBXBuildFile; fileRef = 132782F824B4BBB300792028 /* LaunchScreen.storyboard */; };
		133F540024B4FFCB00DC59CB /* Reminder+CoreDataClass.swift in Sources */ = {isa = PBXBuildFile; fileRef = 133F53FE24B4FFCB00DC59CB /* Reminder+CoreDataClass.swift */; };
		133F540124B4FFCB00DC59CB /* Reminder+CoreDataProperties.swift in Sources */ = {isa = PBXBuildFile; fileRef = 133F53FF24B4FFCB00DC59CB /* Reminder+CoreDataProperties.swift */; };
		133F540324B500C300DC59CB /* PersistentStorage.swift in Sources */ = {isa = PBXBuildFile; fileRef = 133F540224B500C300DC59CB /* PersistentStorage.swift */; };
		133F540524B5028400DC59CB /* Extensions.swift in Sources */ = {isa = PBXBuildFile; fileRef = 133F540424B5028400DC59CB /* Extensions.swift */; };
		133F540724B502AD00DC59CB /* ReminderTableViewCell.swift in Sources */ = {isa = PBXBuildFile; fileRef = 133F540624B502AD00DC59CB /* ReminderTableViewCell.swift */; };
		133F540924B504E300DC59CB /* RemindersListViewController.swift in Sources */ = {isa = PBXBuildFile; fileRef = 133F540824B504E300DC59CB /* RemindersListViewController.swift */; };
		133F540B24B504FF00DC59CB /* AddReminderViewController.swift in Sources */ = {isa = PBXBuildFile; fileRef = 133F540A24B504FF00DC59CB /* AddReminderViewController.swift */; };
		133F540D24B5052700DC59CB /* RemindersListViewModel.swift in Sources */ = {isa = PBXBuildFile; fileRef = 133F540C24B5052700DC59CB /* RemindersListViewModel.swift */; };
		133F540F24B5055E00DC59CB /* ViewControllersFactory.swift in Sources */ = {isa = PBXBuildFile; fileRef = 133F540E24B5055E00DC59CB /* ViewControllersFactory.swift */; };
		133F541124B5075200DC59CB /* SmartReminderClassifier.mlmodel in Sources */ = {isa = PBXBuildFile; fileRef = 133F541024B5075200DC59CB /* SmartReminderClassifier.mlmodel */; };
/* End PBXBuildFile section */

/* Begin PBXFileReference section */
		132782E724B4BBAD00792028 /* Smart Reminder.app */ = {isa = PBXFileReference; explicitFileType = wrapper.application; includeInIndex = 0; path = "Smart Reminder.app"; sourceTree = BUILT_PRODUCTS_DIR; };
		132782EA24B4BBAD00792028 /* AppDelegate.swift */ = {isa = PBXFileReference; lastKnownFileType = sourcecode.swift; path = AppDelegate.swift; sourceTree = "<group>"; };
		132782EC24B4BBAD00792028 /* SceneDelegate.swift */ = {isa = PBXFileReference; lastKnownFileType = sourcecode.swift; path = SceneDelegate.swift; sourceTree = "<group>"; };
		132782F124B4BBAD00792028 /* Base */ = {isa = PBXFileReference; lastKnownFileType = file.storyboard; name = Base; path = Base.lproj/Main.storyboard; sourceTree = "<group>"; };
		132782F424B4BBAD00792028 /* Smart_Reminder.xcdatamodel */ = {isa = PBXFileReference; lastKnownFileType = wrapper.xcdatamodel; path = Smart_Reminder.xcdatamodel; sourceTree = "<group>"; };
		132782F624B4BBB300792028 /* Assets.xcassets */ = {isa = PBXFileReference; lastKnownFileType = folder.assetcatalog; path = Assets.xcassets; sourceTree = "<group>"; };
		132782F924B4BBB300792028 /* Base */ = {isa = PBXFileReference; lastKnownFileType = file.storyboard; name = Base; path = Base.lproj/LaunchScreen.storyboard; sourceTree = "<group>"; };
		132782FB24B4BBB300792028 /* Info.plist */ = {isa = PBXFileReference; lastKnownFileType = text.plist.xml; path = Info.plist; sourceTree = "<group>"; };
		133F53FE24B4FFCB00DC59CB /* Reminder+CoreDataClass.swift */ = {isa = PBXFileReference; lastKnownFileType = sourcecode.swift; path = "Reminder+CoreDataClass.swift"; sourceTree = "<group>"; };
		133F53FF24B4FFCB00DC59CB /* Reminder+CoreDataProperties.swift */ = {isa = PBXFileReference; lastKnownFileType = sourcecode.swift; path = "Reminder+CoreDataProperties.swift"; sourceTree = "<group>"; };
		133F540224B500C300DC59CB /* PersistentStorage.swift */ = {isa = PBXFileReference; lastKnownFileType = sourcecode.swift; path = PersistentStorage.swift; sourceTree = "<group>"; };
		133F540424B5028400DC59CB /* Extensions.swift */ = {isa = PBXFileReference; lastKnownFileType = sourcecode.swift; path = Extensions.swift; sourceTree = "<group>"; };
		133F540624B502AD00DC59CB /* ReminderTableViewCell.swift */ = {isa = PBXFileReference; lastKnownFileType = sourcecode.swift; path = ReminderTableViewCell.swift; sourceTree = "<group>"; };
		133F540824B504E300DC59CB /* RemindersListViewController.swift */ = {isa = PBXFileReference; lastKnownFileType = sourcecode.swift; path = RemindersListViewController.swift; sourceTree = "<group>"; };
		133F540A24B504FF00DC59CB /* AddReminderViewController.swift */ = {isa = PBXFileReference; lastKnownFileType = sourcecode.swift; path = AddReminderViewController.swift; sourceTree = "<group>"; };
		133F540C24B5052700DC59CB /* RemindersListViewModel.swift */ = {isa = PBXFileReference; lastKnownFileType = sourcecode.swift; path = RemindersListViewModel.swift; sourceTree = "<group>"; };
		133F540E24B5055E00DC59CB /* ViewControllersFactory.swift */ = {isa = PBXFileReference; lastKnownFileType = sourcecode.swift; path = ViewControllersFactory.swift; sourceTree = "<group>"; };
		133F541024B5075200DC59CB /* SmartReminderClassifier.mlmodel */ = {isa = PBXFileReference; lastKnownFileType = file.mlmodel; path = SmartReminderClassifier.mlmodel; sourceTree = "<group>"; };
/* End PBXFileReference section */

/* Begin PBXFrameworksBuildPhase section */
		132782E424B4BBAD00792028 /* Frameworks */ = {
			isa = PBXFrameworksBuildPhase;
			buildActionMask = 2147483647;
			files = (
			);
			runOnlyForDeploymentPostprocessing = 0;
		};
/* End PBXFrameworksBuildPhase section */

/* Begin PBXGroup section */
		132782DE24B4BBAD00792028 = {
			isa = PBXGroup;
			children = (
				132782E924B4BBAD00792028 /* Smart Reminder */,
				132782E824B4BBAD00792028 /* Products */,
			);
			sourceTree = "<group>";
		};
		132782E824B4BBAD00792028 /* Products */ = {
			isa = PBXGroup;
			children = (
				132782E724B4BBAD00792028 /* Smart Reminder.app */,
			);
			name = Products;
			sourceTree = "<group>";
		};
		132782E924B4BBAD00792028 /* Smart Reminder */ = {
			isa = PBXGroup;
			children = (
				1327830324B4F92E00792028 /* Application */,
				1327830424B4F93B00792028 /* ViewControllers */,
				1327830624B4F97100792028 /* Views */,
				1327830824B4F99000792028 /* ViewModel */,
				1327830724B4F97C00792028 /* Helpers */,
				1327830524B4F95000792028 /* Storyboards */,
				1327830924B4F9B000792028 /* CoreData */,
				1327830B24B4FC4F00792028 /* Resources */,
				1327830A24B4FC4300792028 /* Support */,
			);
			path = "Smart Reminder";
			sourceTree = "<group>";
		};
		1327830324B4F92E00792028 /* Application */ = {
			isa = PBXGroup;
			children = (
				132782EA24B4BBAD00792028 /* AppDelegate.swift */,
				132782EC24B4BBAD00792028 /* SceneDelegate.swift */,
			);
			path = Application;
			sourceTree = "<group>";
		};
		1327830424B4F93B00792028 /* ViewControllers */ = {
			isa = PBXGroup;
			children = (
				133F540824B504E300DC59CB /* RemindersListViewController.swift */,
				133F540A24B504FF00DC59CB /* AddReminderViewController.swift */,
			);
			path = ViewControllers;
			sourceTree = "<group>";
		};
		1327830524B4F95000792028 /* Storyboards */ = {
			isa = PBXGroup;
			children = (
				132782F024B4BBAD00792028 /* Main.storyboard */,
				132782F824B4BBB300792028 /* LaunchScreen.storyboard */,
			);
			path = Storyboards;
			sourceTree = "<group>";
		};
		1327830624B4F97100792028 /* Views */ = {
			isa = PBXGroup;
			children = (
				133F540624B502AD00DC59CB /* ReminderTableViewCell.swift */,
			);
			path = Views;
			sourceTree = "<group>";
		};
		1327830724B4F97C00792028 /* Helpers */ = {
			isa = PBXGroup;
			children = (
				133F540424B5028400DC59CB /* Extensions.swift */,
				133F540E24B5055E00DC59CB /* ViewControllersFactory.swift */,
			);
			path = Helpers;
			sourceTree = "<group>";
		};
		1327830824B4F99000792028 /* ViewModel */ = {
			isa = PBXGroup;
			children = (
				133F540C24B5052700DC59CB /* RemindersListViewModel.swift */,
			);
			path = ViewModel;
			sourceTree = "<group>";
		};
		1327830924B4F9B000792028 /* CoreData */ = {
			isa = PBXGroup;
			children = (
				133F540224B500C300DC59CB /* PersistentStorage.swift */,
				133F53FE24B4FFCB00DC59CB /* Reminder+CoreDataClass.swift */,
				133F53FF24B4FFCB00DC59CB /* Reminder+CoreDataProperties.swift */,
				132782F324B4BBAD00792028 /* Smart_Reminder.xcdatamodeld */,
			);
			path = CoreData;
			sourceTree = "<group>";
		};
		1327830A24B4FC4300792028 /* Support */ = {
			isa = PBXGroup;
			children = (
				132782FB24B4BBB300792028 /* Info.plist */,
			);
			path = Support;
			sourceTree = "<group>";
		};
		1327830B24B4FC4F00792028 /* Resources */ = {
			isa = PBXGroup;
			children = (
				132782F624B4BBB300792028 /* Assets.xcassets */,
				133F541024B5075200DC59CB /* SmartReminderClassifier.mlmodel */,
			);
			path = Resources;
			sourceTree = "<group>";
		};
/* End PBXGroup section */

/* Begin PBXNativeTarget section */
		132782E624B4BBAD00792028 /* Smart Reminder */ = {
			isa = PBXNativeTarget;
			buildConfigurationList = 132782FE24B4BBB300792028 /* Build configuration list for PBXNativeTarget "Smart Reminder" */;
			buildPhases = (
				132782E324B4BBAD00792028 /* Sources */,
				132782E424B4BBAD00792028 /* Frameworks */,
				132782E524B4BBAD00792028 /* Resources */,
			);
			buildRules = (
			);
			dependencies = (
			);
			name = "Smart Reminder";
			productName = "Smart Reminder";
			productReference = 132782E724B4BBAD00792028 /* Smart Reminder.app */;
			productType = "com.apple.product-type.application";
		};
/* End PBXNativeTarget section */

/* Begin PBXProject section */
		132782DF24B4BBAD00792028 /* Project object */ = {
			isa = PBXProject;
			attributes = {
				LastSwiftUpdateCheck = 1130;
				LastUpgradeCheck = 1130;
				ORGANIZATIONNAME = "Aman Jain";
				TargetAttributes = {
					132782E624B4BBAD00792028 = {
						CreatedOnToolsVersion = 11.3.1;
					};
				};
			};
			buildConfigurationList = 132782E224B4BBAD00792028 /* Build configuration list for PBXProject "Smart Reminder" */;
			compatibilityVersion = "Xcode 9.3";
			developmentRegion = en;
			hasScannedForEncodings = 0;
			knownRegions = (
				en,
				Base,
			);
			mainGroup = 132782DE24B4BBAD00792028;
			productRefGroup = 132782E824B4BBAD00792028 /* Products */;
			projectDirPath = "";
			projectRoot = "";
			targets = (
				132782E624B4BBAD00792028 /* Smart Reminder */,
			);
		};
/* End PBXProject section */

/* Begin PBXResourcesBuildPhase section */
		132782E524B4BBAD00792028 /* Resources */ = {
			isa = PBXResourcesBuildPhase;
			buildActionMask = 2147483647;
			files = (
				132782FA24B4BBB300792028 /* LaunchScreen.storyboard in Resources */,
				132782F724B4BBB300792028 /* Assets.xcassets in Resources */,
				132782F224B4BBAD00792028 /* Main.storyboard in Resources */,
			);
			runOnlyForDeploymentPostprocessing = 0;
		};
/* End PBXResourcesBuildPhase section */

/* Begin PBXSourcesBuildPhase section */
		132782E324B4BBAD00792028 /* Sources */ = {
			isa = PBXSourcesBuildPhase;
			buildActionMask = 2147483647;
			files = (
				133F540F24B5055E00DC59CB /* ViewControllersFactory.swift in Sources */,
				133F540324B500C300DC59CB /* PersistentStorage.swift in Sources */,
				133F540524B5028400DC59CB /* Extensions.swift in Sources */,
				132782EB24B4BBAD00792028 /* AppDelegate.swift in Sources */,
				132782ED24B4BBAD00792028 /* SceneDelegate.swift in Sources */,
				133F541124B5075200DC59CB /* SmartReminderClassifier.mlmodel in Sources */,
				133F540924B504E300DC59CB /* RemindersListViewController.swift in Sources */,
				133F540B24B504FF00DC59CB /* AddReminderViewController.swift in Sources */,
				133F540024B4FFCB00DC59CB /* Reminder+CoreDataClass.swift in Sources */,
				133F540124B4FFCB00DC59CB /* Reminder+CoreDataProperties.swift in Sources */,
				133F540D24B5052700DC59CB /* RemindersListViewModel.swift in Sources */,
				132782F524B4BBAD00792028 /* Smart_Reminder.xcdatamodeld in Sources */,
				133F540724B502AD00DC59CB /* ReminderTableViewCell.swift in Sources */,
			);
			runOnlyForDeploymentPostprocessing = 0;
		};
/* End PBXSourcesBuildPhase section */

/* Begin PBXVariantGroup section */
		132782F024B4BBAD00792028 /* Main.storyboard */ = {
			isa = PBXVariantGroup;
			children = (
				132782F124B4BBAD00792028 /* Base */,
			);
			name = Main.storyboard;
			sourceTree = "<group>";
		};
		132782F824B4BBB300792028 /* LaunchScreen.storyboard */ = {
			isa = PBXVariantGroup;
			children = (
				132782F924B4BBB300792028 /* Base */,
			);
			name = LaunchScreen.storyboard;
			sourceTree = "<group>";
		};
/* End PBXVariantGroup section */

/* Begin XCBuildConfiguration section */
		132782FC24B4BBB300792028 /* Debug */ = {
			isa = XCBuildConfiguration;
			buildSettings = {
				ALWAYS_SEARCH_USER_PATHS = NO;
				CLANG_ANALYZER_NONNULL = YES;
				CLANG_ANALYZER_NUMBER_OBJECT_CONVERSION = YES_AGGRESSIVE;
				CLANG_CXX_LANGUAGE_STANDARD = "gnu++14";
				CLANG_CXX_LIBRARY = "libc++";
				CLANG_ENABLE_MODULES = YES;
				CLANG_ENABLE_OBJC_ARC = YES;
				CLANG_ENABLE_OBJC_WEAK = YES;
				CLANG_WARN_BLOCK_CAPTURE_AUTORELEASING = YES;
				CLANG_WARN_BOOL_CONVERSION = YES;
				CLANG_WARN_COMMA = YES;
				CLANG_WARN_CONSTANT_CONVERSION = YES;
				CLANG_WARN_DEPRECATED_OBJC_IMPLEMENTATIONS = YES;
				CLANG_WARN_DIRECT_OBJC_ISA_USAGE = YES_ERROR;
				CLANG_WARN_DOCUMENTATION_COMMENTS = YES;
				CLANG_WARN_EMPTY_BODY = YES;
				CLANG_WARN_ENUM_CONVERSION = YES;
				CLANG_WARN_INFINITE_RECURSION = YES;
				CLANG_WARN_INT_CONVERSION = YES;
				CLANG_WARN_NON_LITERAL_NULL_CONVERSION = YES;
				CLANG_WARN_OBJC_IMPLICIT_RETAIN_SELF = YES;
				CLANG_WARN_OBJC_LITERAL_CONVERSION = YES;
				CLANG_WARN_OBJC_ROOT_CLASS = YES_ERROR;
				CLANG_WARN_RANGE_LOOP_ANALYSIS = YES;
				CLANG_WARN_STRICT_PROTOTYPES = YES;
				CLANG_WARN_SUSPICIOUS_MOVE = YES;
				CLANG_WARN_UNGUARDED_AVAILABILITY = YES_AGGRESSIVE;
				CLANG_WARN_UNREACHABLE_CODE = YES;
				CLANG_WARN__DUPLICATE_METHOD_MATCH = YES;
				COPY_PHASE_STRIP = NO;
				DEBUG_INFORMATION_FORMAT = dwarf;
				ENABLE_STRICT_OBJC_MSGSEND = YES;
				ENABLE_TESTABILITY = YES;
				GCC_C_LANGUAGE_STANDARD = gnu11;
				GCC_DYNAMIC_NO_PIC = NO;
				GCC_NO_COMMON_BLOCKS = YES;
				GCC_OPTIMIZATION_LEVEL = 0;
				GCC_PREPROCESSOR_DEFINITIONS = (
					"DEBUG=1",
					"$(inherited)",
				);
				GCC_WARN_64_TO_32_BIT_CONVERSION = YES;
				GCC_WARN_ABOUT_RETURN_TYPE = YES_ERROR;
				GCC_WARN_UNDECLARED_SELECTOR = YES;
				GCC_WARN_UNINITIALIZED_AUTOS = YES_AGGRESSIVE;
				GCC_WARN_UNUSED_FUNCTION = YES;
				GCC_WARN_UNUSED_VARIABLE = YES;
				IPHONEOS_DEPLOYMENT_TARGET = 13.2;
				MTL_ENABLE_DEBUG_INFO = INCLUDE_SOURCE;
				MTL_FAST_MATH = YES;
				ONLY_ACTIVE_ARCH = YES;
				SDKROOT = iphoneos;
				SWIFT_ACTIVE_COMPILATION_CONDITIONS = DEBUG;
				SWIFT_OPTIMIZATION_LEVEL = "-Onone";
			};
			name = Debug;
		};
		132782FD24B4BBB300792028 /* Release */ = {
			isa = XCBuildConfiguration;
			buildSettings = {
				ALWAYS_SEARCH_USER_PATHS = NO;
				CLANG_ANALYZER_NONNULL = YES;
				CLANG_ANALYZER_NUMBER_OBJECT_CONVERSION = YES_AGGRESSIVE;
				CLANG_CXX_LANGUAGE_STANDARD = "gnu++14";
				CLANG_CXX_LIBRARY = "libc++";
				CLANG_ENABLE_MODULES = YES;
				CLANG_ENABLE_OBJC_ARC = YES;
				CLANG_ENABLE_OBJC_WEAK = YES;
				CLANG_WARN_BLOCK_CAPTURE_AUTORELEASING = YES;
				CLANG_WARN_BOOL_CONVERSION = YES;
				CLANG_WARN_COMMA = YES;
				CLANG_WARN_CONSTANT_CONVERSION = YES;
				CLANG_WARN_DEPRECATED_OBJC_IMPLEMENTATIONS = YES;
				CLANG_WARN_DIRECT_OBJC_ISA_USAGE = YES_ERROR;
				CLANG_WARN_DOCUMENTATION_COMMENTS = YES;
				CLANG_WARN_EMPTY_BODY = YES;
				CLANG_WARN_ENUM_CONVERSION = YES;
				CLANG_WARN_INFINITE_RECURSION = YES;
				CLANG_WARN_INT_CONVERSION = YES;
				CLANG_WARN_NON_LITERAL_NULL_CONVERSION = YES;
				CLANG_WARN_OBJC_IMPLICIT_RETAIN_SELF = YES;
				CLANG_WARN_OBJC_LITERAL_CONVERSION = YES;
				CLANG_WARN_OBJC_ROOT_CLASS = YES_ERROR;
				CLANG_WARN_RANGE_LOOP_ANALYSIS = YES;
				CLANG_WARN_STRICT_PROTOTYPES = YES;
				CLANG_WARN_SUSPICIOUS_MOVE = YES;
				CLANG_WARN_UNGUARDED_AVAILABILITY = YES_AGGRESSIVE;
				CLANG_WARN_UNREACHABLE_CODE = YES;
				CLANG_WARN__DUPLICATE_METHOD_MATCH = YES;
				COPY_PHASE_STRIP = NO;
				DEBUG_INFORMATION_FORMAT = "dwarf-with-dsym";
				ENABLE_NS_ASSERTIONS = NO;
				ENABLE_STRICT_OBJC_MSGSEND = YES;
				GCC_C_LANGUAGE_STANDARD = gnu11;
				GCC_NO_COMMON_BLOCKS = YES;
				GCC_WARN_64_TO_32_BIT_CONVERSION = YES;
				GCC_WARN_ABOUT_RETURN_TYPE = YES_ERROR;
				GCC_WARN_UNDECLARED_SELECTOR = YES;
				GCC_WARN_UNINITIALIZED_AUTOS = YES_AGGRESSIVE;
				GCC_WARN_UNUSED_FUNCTION = YES;
				GCC_WARN_UNUSED_VARIABLE = YES;
				IPHONEOS_DEPLOYMENT_TARGET = 13.2;
				MTL_ENABLE_DEBUG_INFO = NO;
				MTL_FAST_MATH = YES;
				SDKROOT = iphoneos;
				SWIFT_COMPILATION_MODE = wholemodule;
				SWIFT_OPTIMIZATION_LEVEL = "-O";
				VALIDATE_PRODUCT = YES;
			};
			name = Release;
		};
		132782FF24B4BBB300792028 /* Debug */ = {
			isa = XCBuildConfiguration;
			buildSettings = {
				ASSETCATALOG_COMPILER_APPICON_NAME = AppIcon;
				CODE_SIGN_STYLE = Automatic;
				DEVELOPMENT_TEAM = UFWLT64PGT;
				INFOPLIST_FILE = "Smart Reminder/Support/Info.plist";
				IPHONEOS_DEPLOYMENT_TARGET = 13.0;
				LD_RUNPATH_SEARCH_PATHS = (
					"$(inherited)",
					"@executable_path/Frameworks",
				);
				PRODUCT_BUNDLE_IDENTIFIER = com.aman.smartreminder;
				PRODUCT_NAME = "$(TARGET_NAME)";
				SWIFT_VERSION = 5.0;
				TARGETED_DEVICE_FAMILY = "1,2";
			};
			name = Debug;
		};
		1327830024B4BBB300792028 /* Release */ = {
			isa = XCBuildConfiguration;
			buildSettings = {
				ASSETCATALOG_COMPILER_APPICON_NAME = AppIcon;
				CODE_SIGN_STYLE = Automatic;
				DEVELOPMENT_TEAM = UFWLT64PGT;
				INFOPLIST_FILE = "Smart Reminder/Support/Info.plist";
				IPHONEOS_DEPLOYMENT_TARGET = 13.0;
				LD_RUNPATH_SEARCH_PATHS = (
					"$(inherited)",
					"@executable_path/Frameworks",
				);
				PRODUCT_BUNDLE_IDENTIFIER = com.aman.smartreminder;
				PRODUCT_NAME = "$(TARGET_NAME)";
				SWIFT_VERSION = 5.0;
				TARGETED_DEVICE_FAMILY = "1,2";
			};
			name = Release;
		};
/* End XCBuildConfiguration section */

/* Begin XCConfigurationList section */
		132782E224B4BBAD00792028 /* Build configuration list for PBXProject "Smart Reminder" */ = {
			isa = XCConfigurationList;
			buildConfigurations = (
				132782FC24B4BBB300792028 /* Debug */,
				132782FD24B4BBB300792028 /* Release */,
			);
			defaultConfigurationIsVisible = 0;
			defaultConfigurationName = Release;
		};
		132782FE24B4BBB300792028 /* Build configuration list for PBXNativeTarget "Smart Reminder" */ = {
			isa = XCConfigurationList;
			buildConfigurations = (
				132782FF24B4BBB300792028 /* Debug */,
				1327830024B4BBB300792028 /* Release */,
			);
			defaultConfigurationIsVisible = 0;
			defaultConfigurationName = Release;
		};
/* End XCConfigurationList section */

/* Begin XCVersionGroup section */
		132782F324B4BBAD00792028 /* Smart_Reminder.xcdatamodeld */ = {
			isa = XCVersionGroup;
			children = (
				132782F424B4BBAD00792028 /* Smart_Reminder.xcdatamodel */,
			);
			currentVersion = 132782F424B4BBAD00792028 /* Smart_Reminder.xcdatamodel */;
			path = Smart_Reminder.xcdatamodeld;
			sourceTree = "<group>";
			versionGroupType = wrapper.xcdatamodel;
		};
/* End XCVersionGroup section */
	};
	rootObject = 132782DF24B4BBAD00792028 /* Project object */;
}
